
Microsoft Visual Studio Solution File, Format Version 12.00
# Visual Studio Version 17
VisualStudioVersion = 17.7.34024.191
MinimumVisualStudioVersion = 10.0.40219.1
Project("{9A19103F-16F7-4668-BE54-9A1E7A4F7556}") = "Wedding.Api", "src\WeddingApi\Wedding.Api.csproj", "{A9E00FFE-5A7C-4EA0-B94C-25C764139458}"
EndProject
Project("{9A19103F-16F7-4668-BE54-9A1E7A4F7556}") = "Wedding.Core", "src\WeddingApi.Core\Wedding.Core.csproj", "{A096014E-808C-43CD-9AA9-5F94D337A3BE}"
EndProject
Project("{9A19103F-16F7-4668-BE54-9A1E7A4F7556}") = "Wedding.Infrastructure", "src\WeddingApi.Infrastructure\Wedding.Infrastructure.csproj", "{95BADFAA-DC07-4142-8483-F8131345B600}"
EndProject
Global
	GlobalSection(SolutionConfigurationPlatforms) = preSolution
		Debug|Any CPU = Debug|Any CPU
		Release|Any CPU = Release|Any CPU
	EndGlobalSection
	GlobalSection(ProjectConfigurationPlatforms) = postSolution
		{A9E00FFE-5A7C-4EA0-B94C-25C764139458}.Debug|Any CPU.ActiveCfg = Debug|Any CPU
		{A9E00FFE-5A7C-4EA0-B94C-25C764139458}.Debug|Any CPU.Build.0 = Debug|Any CPU
		{A9E00FFE-5A7C-4EA0-B94C-25C764139458}.Release|Any CPU.ActiveCfg = Release|Any CPU
		{A9E00FFE-5A7C-4EA0-B94C-25C764139458}.Release|Any CPU.Build.0 = Release|Any CPU
		{A096014E-808C-43CD-9AA9-5F94D337A3BE}.Debug|Any CPU.ActiveCfg = Debug|Any CPU
		{A096014E-808C-43CD-9AA9-5F94D337A3BE}.Debug|Any CPU.Build.0 = Debug|Any CPU
		{A096014E-808C-43CD-9AA9-5F94D337A3BE}.Release|Any CPU.ActiveCfg = Release|Any CPU
		{A096014E-808C-43CD-9AA9-5F94D337A3BE}.Release|Any CPU.Build.0 = Release|Any CPU
		{95BADFAA-DC07-4142-8483-F8131345B600}.Debug|Any CPU.ActiveCfg = Debug|Any CPU
		{95BADFAA-DC07-4142-8483-F8131345B600}.Debug|Any CPU.Build.0 = Debug|Any CPU
		{95BADFAA-DC07-4142-8483-F8131345B600}.Release|Any CPU.ActiveCfg = Release|Any CPU
		{95BADFAA-DC07-4142-8483-F8131345B600}.Release|Any CPU.Build.0 = Release|Any CPU
	EndGlobalSection
	GlobalSection(SolutionProperties) = preSolution
		HideSolutionNode = FALSE
	EndGlobalSection
	GlobalSection(ExtensibilityGlobals) = postSolution
		SolutionGuid = {A366E183-16EE-47C7-9A44-EAE747316DFE}
	EndGlobalSection
EndGlobal
